
Microsoft Visual Studio Solution File, Format Version 12.00
# Visual Studio 2015
Project("{FAE04EC0-301F-11D3-BF4B-00C04F79EFBC}") = "GameUpdaterTest.CSharp", "GameUpdaterTest.CSharp.csproj", "{59C8F876-7CD3-E4A5-936C-A73FB446A869}"
EndProject
Project("{FAE04EC0-301F-11D3-BF4B-00C04F79EFBC}") = "GameUpdaterTest.CSharp.Editor", "GameUpdaterTest.CSharp.Editor.csproj", "{6DB226C3-5DFB-FC25-CB81-9459DBFF8C75}"
EndProject
Global
	GlobalSection(SolutionConfigurationPlatforms) = preSolution
		Debug|Any CPU = Debug|Any CPU
		Release|Any CPU = Release|Any CPU
	EndGlobalSection
	GlobalSection(ProjectConfigurationPlatforms) = postSolution
		{59C8F876-7CD3-E4A5-936C-A73FB446A869}.Debug|Any CPU.ActiveCfg = Debug|Any CPU
		{59C8F876-7CD3-E4A5-936C-A73FB446A869}.Debug|Any CPU.Build.0 = Debug|Any CPU
		{59C8F876-7CD3-E4A5-936C-A73FB446A869}.Release|Any CPU.ActiveCfg = Release|Any CPU
		{59C8F876-7CD3-E4A5-936C-A73FB446A869}.Release|Any CPU.Build.0 = Release|Any CPU
		{6DB226C3-5DFB-FC25-CB81-9459DBFF8C75}.Debug|Any CPU.ActiveCfg = Debug|Any CPU
		{6DB226C3-5DFB-FC25-CB81-9459DBFF8C75}.Debug|Any CPU.Build.0 = Debug|Any CPU
		{6DB226C3-5DFB-FC25-CB81-9459DBFF8C75}.Release|Any CPU.ActiveCfg = Release|Any CPU
		{6DB226C3-5DFB-FC25-CB81-9459DBFF8C75}.Release|Any CPU.Build.0 = Release|Any CPU
	EndGlobalSection
	GlobalSection(SolutionProperties) = preSolution
		HideSolutionNode = FALSE
	EndGlobalSection
EndGlobal
